apiVersion: v1
kind: Pod
metadata:
  name: iozone-pod-glusterblock
spec:
  containers:
  - name: iozone
    image: docker.io/pstauffer/iozone
    command: ["yes"]
    imagePullPolicy: IfNotPresent
    volumeMounts:
    - mountPath: /glusterblock
      name: gluster-volume
      readOnly: false
  volumes:
  - name: gluster-volume
    persistentVolumeClaim:
      claimName: pvcblock
